
Microsoft Visual Studio Solution File, Format Version 12.00
# Visual Studio 15
VisualStudioVersion = 15.0.28010.0
MinimumVisualStudioVersion = 10.0.40219.1
Project("{FAE04EC0-301F-11D3-BF4B-00C04F79EFBC}") = "Benchmark", "Benchmark\Benchmark.csproj", "{8A386DAE-1020-4A98-8C73-7E8C3648F643}"
EndProject
Global
	GlobalSection(SolutionConfigurationPlatforms) = preSolution
		Debug|Any CPU = Debug|Any CPU
		Release|Any CPU = Release|Any CPU
	EndGlobalSection
	GlobalSection(ProjectConfigurationPlatforms) = postSolution
		{8A386DAE-1020-4A98-8C73-7E8C3648F643}.Debug|Any CPU.ActiveCfg = Debug|Any CPU
		{8A386DAE-1020-4A98-8C73-7E8C3648F643}.Debug|Any CPU.Build.0 = Debug|Any CPU
		{8A386DAE-1020-4A98-8C73-7E8C3648F643}.Release|Any CPU.ActiveCfg = Release|Any CPU
		{8A386DAE-1020-4A98-8C73-7E8C3648F643}.Release|Any CPU.Build.0 = Release|Any CPU
	EndGlobalSection
	GlobalSection(SolutionProperties) = preSolution
		HideSolutionNode = FALSE
	EndGlobalSection
	GlobalSection(ExtensibilityGlobals) = postSolution
		SolutionGuid = {E70F3218-84CB-4011-BE65-33CF92F7784A}
	EndGlobalSection
EndGlobal
